
Microsoft Visual Studio Solution File, Format Version 12.00
# Visual Studio Version 16
VisualStudioVersion = 16.0.33027.164
MinimumVisualStudioVersion = 10.0.40219.1
Project("{FAE04EC0-301F-11D3-BF4B-00C04F79EFBC}") = "Agutie", "Agutie\Agutie.csproj", "{4BDEA9FB-4BCB-4C3B-92C3-76E272D81319}"
EndProject
Global
	GlobalSection(SolutionConfigurationPlatforms) = preSolution
		Debug|Any CPU = Debug|Any CPU
		Release|Any CPU = Release|Any CPU
	EndGlobalSection
	GlobalSection(ProjectConfigurationPlatforms) = postSolution
		{4BDEA9FB-4BCB-4C3B-92C3-76E272D81319}.Debug|Any CPU.ActiveCfg = Debug|Any CPU
		{4BDEA9FB-4BCB-4C3B-92C3-76E272D81319}.Debug|Any CPU.Build.0 = Debug|Any CPU
		{4BDEA9FB-4BCB-4C3B-92C3-76E272D81319}.Release|Any CPU.ActiveCfg = Release|Any CPU
		{4BDEA9FB-4BCB-4C3B-92C3-76E272D81319}.Release|Any CPU.Build.0 = Release|Any CPU
	EndGlobalSection
	GlobalSection(SolutionProperties) = preSolution
		HideSolutionNode = FALSE
	EndGlobalSection
	GlobalSection(ExtensibilityGlobals) = postSolution
		SolutionGuid = {3D63AE4B-5DA0-4AFD-9C58-B929BCAD93FC}
	EndGlobalSection
EndGlobal
